
Microsoft Visual Studio Solution File, Format Version 12.00
# Visual Studio 15
VisualStudioVersion = 15.0.27428.2037
MinimumVisualStudioVersion = 10.0.40219.1
Project("{FAE04EC0-301F-11D3-BF4B-00C04F79EFBC}") = "PersonalSoundboard.Android", "PersonalSoundboard\PersonalSoundboard.Android\PersonalSoundboard.Android.csproj", "{2AB8DA6C-CC77-423F-B523-60ADD62CEE36}"
EndProject
Project("{FAE04EC0-301F-11D3-BF4B-00C04F79EFBC}") = "PersonalSoundboard.iOS", "PersonalSoundboard\PersonalSoundboard.iOS\PersonalSoundboard.iOS.csproj", "{4A45B2DC-89D4-46AA-BB82-F1D58616F4A9}"
EndProject
Project("{FAE04EC0-301F-11D3-BF4B-00C04F79EFBC}") = "PersonalSoundboard.UWP", "PersonalSoundboard\PersonalSoundboard.UWP\PersonalSoundboard.UWP.csproj", "{407B32EF-64A2-413E-B971-29828E6799BE}"
EndProject
Project("{FAE04EC0-301F-11D3-BF4B-00C04F79EFBC}") = "PersonalSoundboard", "PersonalSoundboard\PersonalSoundboard\PersonalSoundboard.csproj", "{9D3A19B1-91CA-4871-A80C-F23C62F00696}"
EndProject
Global
	GlobalSection(SolutionConfigurationPlatforms) = preSolution
		Ad-Hoc|Any CPU = Ad-Hoc|Any CPU
		Ad-Hoc|ARM = Ad-Hoc|ARM
		Ad-Hoc|iPhone = Ad-Hoc|iPhone
		Ad-Hoc|iPhoneSimulator = Ad-Hoc|iPhoneSimulator
		Ad-Hoc|x64 = Ad-Hoc|x64
		Ad-Hoc|x86 = Ad-Hoc|x86
		AppStore|Any CPU = AppStore|Any CPU
		AppStore|ARM = AppStore|ARM
		AppStore|iPhone = AppStore|iPhone
		AppStore|iPhoneSimulator = AppStore|iPhoneSimulator
		AppStore|x64 = AppStore|x64
		AppStore|x86 = AppStore|x86
		Debug|Any CPU = Debug|Any CPU
		Debug|ARM = Debug|ARM
		Debug|iPhone = Debug|iPhone
		Debug|iPhoneSimulator = Debug|iPhoneSimulator
		Debug|x64 = Debug|x64
		Debug|x86 = Debug|x86
		Release|Any CPU = Release|Any CPU
		Release|ARM = Release|ARM
		Release|iPhone = Release|iPhone
		Release|iPhoneSimulator = Release|iPhoneSimulator
		Release|x64 = Release|x64
		Release|x86 = Release|x86
	EndGlobalSection
	GlobalSection(ProjectConfigurationPlatforms) = postSolution
		{2AB8DA6C-CC77-423F-B523-60ADD62CEE36}.Ad-Hoc|Any CPU.ActiveCfg = Release|Any CPU
		{2AB8DA6C-CC77-423F-B523-60ADD62CEE36}.Ad-Hoc|Any CPU.Build.0 = Release|Any CPU
		{2AB8DA6C-CC77-423F-B523-60ADD62CEE36}.Ad-Hoc|Any CPU.Deploy.0 = Release|Any CPU
		{2AB8DA6C-CC77-423F-B523-60ADD62CEE36}.Ad-Hoc|ARM.ActiveCfg = Release|Any CPU
		{2AB8DA6C-CC77-423F-B523-60ADD62CEE36}.Ad-Hoc|ARM.Build.0 = Release|Any CPU
		{2AB8DA6C-CC77-423F-B523-60ADD62CEE36}.Ad-Hoc|ARM.Deploy.0 = Release|Any CPU
		{2AB8DA6C-CC77-423F-B523-60ADD62CEE36}.Ad-Hoc|iPhone.ActiveCfg = Release|Any CPU
		{2AB8DA6C-CC77-423F-B523-60ADD62CEE36}.Ad-Hoc|iPhone.Build.0 = Release|Any CPU
		{2AB8DA6C-CC77-423F-B523-60ADD62CEE36}.Ad-Hoc|iPhone.Deploy.0 = Release|Any CPU
		{2AB8DA6C-CC77-423F-B523-60ADD62CEE36}.Ad-Hoc|iPhoneSimulator.ActiveCfg = Release|Any CPU
		{2AB8DA6C-CC77-423F-B523-60ADD62CEE36}.Ad-Hoc|iPhoneSimulator.Build.0 = Release|Any CPU
		{2AB8DA6C-CC77-423F-B523-60ADD62CEE36}.Ad-Hoc|iPhoneSimulator.Deploy.0 = Release|Any CPU
		{2AB8DA6C-CC77-423F-B523-60ADD62CEE36}.Ad-Hoc|x64.ActiveCfg = Release|Any CPU
		{2AB8DA6C-CC77-423F-B523-60ADD62CEE36}.Ad-Hoc|x64.Build.0 = Release|Any CPU
		{2AB8DA6C-CC77-423F-B523-60ADD62CEE36}.Ad-Hoc|x64.Deploy.0 = Release|Any CPU
		{2AB8DA6C-CC77-423F-B523-60ADD62CEE36}.Ad-Hoc|x86.ActiveCfg = Release|Any CPU
		{2AB8DA6C-CC77-423F-B523-60ADD62CEE36}.Ad-Hoc|x86.Build.0 = Release|Any CPU
		{2AB8DA6C-CC77-423F-B523-60ADD62CEE36}.Ad-Hoc|x86.Deploy.0 = Release|Any CPU
		{2AB8DA6C-CC77-423F-B523-60ADD62CEE36}.AppStore|Any CPU.ActiveCfg = Release|Any CPU
		{2AB8DA6C-CC77-423F-B523-60ADD62CEE36}.AppStore|Any CPU.Build.0 = Release|Any CPU
		{2AB8DA6C-CC77-423F-B523-60ADD62CEE36}.AppStore|Any CPU.Deploy.0 = Release|Any CPU
		{2AB8DA6C-CC77-423F-B523-60ADD62CEE36}.AppStore|ARM.ActiveCfg = Release|Any CPU
		{2AB8DA6C-CC77-423F-B523-60ADD62CEE36}.AppStore|ARM.Build.0 = Release|Any CPU
		{2AB8DA6C-CC77-423F-B523-60ADD62CEE36}.AppStore|ARM.Deploy.0 = Release|Any CPU
		{2AB8DA6C-CC77-423F-B523-60ADD62CEE36}.AppStore|iPhone.ActiveCfg = Release|Any CPU
		{2AB8DA6C-CC77-423F-B523-60ADD62CEE36}.AppStore|iPhone.Build.0 = Release|Any CPU
		{2AB8DA6C-CC77-423F-B523-60ADD62CEE36}.AppStore|iPhone.Deploy.0 = Release|Any CPU
		{2AB8DA6C-CC77-423F-B523-60ADD62CEE36}.AppStore|iPhoneSimulator.ActiveCfg = Release|Any CPU
		{2AB8DA6C-CC77-423F-B523-60ADD62CEE36}.AppStore|iPhoneSimulator.Build.0 = Release|Any CPU
		{2AB8DA6C-CC77-423F-B523-60ADD62CEE36}.AppStore|iPhoneSimulator.Deploy.0 = Release|Any CPU
		{2AB8DA6C-CC77-423F-B523-60ADD62CEE36}.AppStore|x64.ActiveCfg = Release|Any CPU
		{2AB8DA6C-CC77-423F-B523-60ADD62CEE36}.AppStore|x64.Build.0 = Release|Any CPU
		{2AB8DA6C-CC77-423F-B523-60ADD62CEE36}.AppStore|x64.Deploy.0 = Release|Any CPU
		{2AB8DA6C-CC77-423F-B523-60ADD62CEE36}.AppStore|x86.ActiveCfg = Release|Any CPU
		{2AB8DA6C-CC77-423F-B523-60ADD62CEE36}.AppStore|x86.Build.0 = Release|Any CPU
		{2AB8DA6C-CC77-423F-B523-60ADD62CEE36}.AppStore|x86.Deploy.0 = Release|Any CPU
		{2AB8DA6C-CC77-423F-B523-60ADD62CEE36}.Debug|Any CPU.ActiveCfg = Debug|Any CPU
		{2AB8DA6C-CC77-423F-B523-60ADD62CEE36}.Debug|Any CPU.Build.0 = Debug|Any CPU
		{2AB8DA6C-CC77-423F-B523-60ADD62CEE36}.Debug|Any CPU.Deploy.0 = Debug|Any CPU
		{2AB8DA6C-CC77-423F-B523-60ADD62CEE36}.Debug|ARM.ActiveCfg = Debug|Any CPU
		{2AB8DA6C-CC77-423F-B523-60ADD62CEE36}.Debug|ARM.Build.0 = Debug|Any CPU
		{2AB8DA6C-CC77-423F-B523-60ADD62CEE36}.Debug|ARM.Deploy.0 = Debug|Any CPU
		{2AB8DA6C-CC77-423F-B523-60ADD62CEE36}.Debug|iPhone.ActiveCfg = Debug|Any CPU
		{2AB8DA6C-CC77-423F-B523-60ADD62CEE36}.Debug|iPhone.Build.0 = Debug|Any CPU
		{2AB8DA6C-CC77-423F-B523-60ADD62CEE36}.Debug|iPhone.Deploy.0 = Debug|Any CPU
		{2AB8DA6C-CC77-423F-B523-60ADD62CEE36}.Debug|iPhoneSimulator.ActiveCfg = Debug|Any CPU
		{2AB8DA6C-CC77-423F-B523-60ADD62CEE36}.Debug|iPhoneSimulator.Build.0 = Debug|Any CPU
		{2AB8DA6C-CC77-423F-B523-60ADD62CEE36}.Debug|iPhoneSimulator.Deploy.0 = Debug|Any CPU
		{2AB8DA6C-CC77-423F-B523-60ADD62CEE36}.Debug|x64.ActiveCfg = Debug|Any CPU
		{2AB8DA6C-CC77-423F-B523-60ADD62CEE36}.Debug|x64.Build.0 = Debug|Any CPU
		{2AB8DA6C-CC77-423F-B523-60ADD62CEE36}.Debug|x64.Deploy.0 = Debug|Any CPU
		{2AB8DA6C-CC77-423F-B523-60ADD62CEE36}.Debug|x86.ActiveCfg = Debug|Any CPU
		{2AB8DA6C-CC77-423F-B523-60ADD62CEE36}.Debug|x86.Build.0 = Debug|Any CPU
		{2AB8DA6C-CC77-423F-B523-60ADD62CEE36}.Debug|x86.Deploy.0 = Debug|Any CPU
		{2AB8DA6C-CC77-423F-B523-60ADD62CEE36}.Release|Any CPU.ActiveCfg = Release|Any CPU
		{2AB8DA6C-CC77-423F-B523-60ADD62CEE36}.Release|Any CPU.Build.0 = Release|Any CPU
		{2AB8DA6C-CC77-423F-B523-60ADD62CEE36}.Release|Any CPU.Deploy.0 = Release|Any CPU
		{2AB8DA6C-CC77-423F-B523-60ADD62CEE36}.Release|ARM.ActiveCfg = Release|Any CPU
		{2AB8DA6C-CC77-423F-B523-60ADD62CEE36}.Release|ARM.Build.0 = Release|Any CPU
		{2AB8DA6C-CC77-423F-B523-60ADD62CEE36}.Release|ARM.Deploy.0 = Release|Any CPU
		{2AB8DA6C-CC77-423F-B523-60ADD62CEE36}.Release|iPhone.ActiveCfg = Release|Any CPU
		{2AB8DA6C-CC77-423F-B523-60ADD62CEE36}.Release|iPhone.Build.0 = Release|Any CPU
		{2AB8DA6C-CC77-423F-B523-60ADD62CEE36}.Release|iPhone.Deploy.0 = Release|Any CPU
		{2AB8DA6C-CC77-423F-B523-60ADD62CEE36}.Release|iPhoneSimulator.ActiveCfg = Release|Any CPU
		{2AB8DA6C-CC77-423F-B523-60ADD62CEE36}.Release|iPhoneSimulator.Build.0 = Release|Any CPU
		{2AB8DA6C-CC77-423F-B523-60ADD62CEE36}.Release|iPhoneSimulator.Deploy.0 = Release|Any CPU
		{2AB8DA6C-CC77-423F-B523-60ADD62CEE36}.Release|x64.ActiveCfg = Release|Any CPU
		{2AB8DA6C-CC77-423F-B523-60ADD62CEE36}.Release|x64.Build.0 = Release|Any CPU
		{2AB8DA6C-CC77-423F-B523-60ADD62CEE36}.Release|x64.Deploy.0 = Release|Any CPU
		{2AB8DA6C-CC77-423F-B523-60ADD62CEE36}.Release|x86.ActiveCfg = Release|Any CPU
		{2AB8DA6C-CC77-423F-B523-60ADD62CEE36}.Release|x86.Build.0 = Release|Any CPU
		{2AB8DA6C-CC77-423F-B523-60ADD62CEE36}.Release|x86.Deploy.0 = Release|Any CPU
		{4A45B2DC-89D4-46AA-BB82-F1D58616F4A9}.Ad-Hoc|Any CPU.ActiveCfg = Ad-Hoc|iPhone
		{4A45B2DC-89D4-46AA-BB82-F1D58616F4A9}.Ad-Hoc|ARM.ActiveCfg = Ad-Hoc|iPhone
		{4A45B2DC-89D4-46AA-BB82-F1D58616F4A9}.Ad-Hoc|iPhone.ActiveCfg = Ad-Hoc|iPhone
		{4A45B2DC-89D4-46AA-BB82-F1D58616F4A9}.Ad-Hoc|iPhone.Build.0 = Ad-Hoc|iPhone
		{4A45B2DC-89D4-46AA-BB82-F1D58616F4A9}.Ad-Hoc|iPhoneSimulator.ActiveCfg = Ad-Hoc|iPhoneSimulator
		{4A45B2DC-89D4-46AA-BB82-F1D58616F4A9}.Ad-Hoc|iPhoneSimulator.Build.0 = Ad-Hoc|iPhoneSimulator
		{4A45B2DC-89D4-46AA-BB82-F1D58616F4A9}.Ad-Hoc|x64.ActiveCfg = Ad-Hoc|iPhone
		{4A45B2DC-89D4-46AA-BB82-F1D58616F4A9}.Ad-Hoc|x86.ActiveCfg = Ad-Hoc|iPhone
		{4A45B2DC-89D4-46AA-BB82-F1D58616F4A9}.AppStore|Any CPU.ActiveCfg = AppStore|iPhone
		{4A45B2DC-89D4-46AA-BB82-F1D58616F4A9}.AppStore|ARM.ActiveCfg = AppStore|iPhone
		{4A45B2DC-89D4-46AA-BB82-F1D58616F4A9}.AppStore|iPhone.ActiveCfg = AppStore|iPhone
		{4A45B2DC-89D4-46AA-BB82-F1D58616F4A9}.AppStore|iPhone.Build.0 = AppStore|iPhone
		{4A45B2DC-89D4-46AA-BB82-F1D58616F4A9}.AppStore|iPhoneSimulator.ActiveCfg = AppStore|iPhoneSimulator
		{4A45B2DC-89D4-46AA-BB82-F1D58616F4A9}.AppStore|iPhoneSimulator.Build.0 = AppStore|iPhoneSimulator
		{4A45B2DC-89D4-46AA-BB82-F1D58616F4A9}.AppStore|x64.ActiveCfg = AppStore|iPhone
		{4A45B2DC-89D4-46AA-BB82-F1D58616F4A9}.AppStore|x86.ActiveCfg = AppStore|iPhone
		{4A45B2DC-89D4-46AA-BB82-F1D58616F4A9}.Debug|Any CPU.ActiveCfg = Debug|iPhone
		{4A45B2DC-89D4-46AA-BB82-F1D58616F4A9}.Debug|ARM.ActiveCfg = Debug|iPhone
		{4A45B2DC-89D4-46AA-BB82-F1D58616F4A9}.Debug|iPhone.ActiveCfg = Debug|iPhone
		{4A45B2DC-89D4-46AA-BB82-F1D58616F4A9}.Debug|iPhone.Build.0 = Debug|iPhone
		{4A45B2DC-89D4-46AA-BB82-F1D58616F4A9}.Debug|iPhoneSimulator.ActiveCfg = Debug|iPhoneSimulator
		{4A45B2DC-89D4-46AA-BB82-F1D58616F4A9}.Debug|iPhoneSimulator.Build.0 = Debug|iPhoneSimulator
		{4A45B2DC-89D4-46AA-BB82-F1D58616F4A9}.Debug|x64.ActiveCfg = Debug|iPhone
		{4A45B2DC-89D4-46AA-BB82-F1D58616F4A9}.Debug|x86.ActiveCfg = Debug|iPhone
		{4A45B2DC-89D4-46AA-BB82-F1D58616F4A9}.Release|Any CPU.ActiveCfg = Release|iPhone
		{4A45B2DC-89D4-46AA-BB82-F1D58616F4A9}.Release|ARM.ActiveCfg = Release|iPhone
		{4A45B2DC-89D4-46AA-BB82-F1D58616F4A9}.Release|iPhone.ActiveCfg = Release|iPhone
		{4A45B2DC-89D4-46AA-BB82-F1D58616F4A9}.Release|iPhone.Build.0 = Release|iPhone
		{4A45B2DC-89D4-46AA-BB82-F1D58616F4A9}.Release|iPhoneSimulator.ActiveCfg = Release|iPhoneSimulator
		{4A45B2DC-89D4-46AA-BB82-F1D58616F4A9}.Release|iPhoneSimulator.Build.0 = Release|iPhoneSimulator
		{4A45B2DC-89D4-46AA-BB82-F1D58616F4A9}.Release|x64.ActiveCfg = Release|iPhone
		{4A45B2DC-89D4-46AA-BB82-F1D58616F4A9}.Release|x86.ActiveCfg = Release|iPhone
		{407B32EF-64A2-413E-B971-29828E6799BE}.Ad-Hoc|Any CPU.ActiveCfg = Release|x86
		{407B32EF-64A2-413E-B971-29828E6799BE}.Ad-Hoc|Any CPU.Build.0 = Release|x86
		{407B32EF-64A2-413E-B971-29828E6799BE}.Ad-Hoc|Any CPU.Deploy.0 = Release|x86
		{407B32EF-64A2-413E-B971-29828E6799BE}.Ad-Hoc|ARM.ActiveCfg = Release|ARM
		{407B32EF-64A2-413E-B971-29828E6799BE}.Ad-Hoc|ARM.Build.0 = Release|ARM
		{407B32EF-64A2-413E-B971-29828E6799BE}.Ad-Hoc|ARM.Deploy.0 = Release|ARM
		{407B32EF-64A2-413E-B971-29828E6799BE}.Ad-Hoc|iPhone.ActiveCfg = Release|x86
		{407B32EF-64A2-413E-B971-29828E6799BE}.Ad-Hoc|iPhone.Build.0 = Release|x86
		{407B32EF-64A2-413E-B971-29828E6799BE}.Ad-Hoc|iPhone.Deploy.0 = Release|x86
		{407B32EF-64A2-413E-B971-29828E6799BE}.Ad-Hoc|iPhoneSimulator.ActiveCfg = Release|x86
		{407B32EF-64A2-413E-B971-29828E6799BE}.Ad-Hoc|iPhoneSimulator.Build.0 = Release|x86
		{407B32EF-64A2-413E-B971-29828E6799BE}.Ad-Hoc|iPhoneSimulator.Deploy.0 = Release|x86
		{407B32EF-64A2-413E-B971-29828E6799BE}.Ad-Hoc|x64.ActiveCfg = Release|x64
		{407B32EF-64A2-413E-B971-29828E6799BE}.Ad-Hoc|x64.Build.0 = Release|x64
		{407B32EF-64A2-413E-B971-29828E6799BE}.Ad-Hoc|x64.Deploy.0 = Release|x64
		{407B32EF-64A2-413E-B971-29828E6799BE}.Ad-Hoc|x86.ActiveCfg = Release|x86
		{407B32EF-64A2-413E-B971-29828E6799BE}.Ad-Hoc|x86.Build.0 = Release|x86
		{407B32EF-64A2-413E-B971-29828E6799BE}.Ad-Hoc|x86.Deploy.0 = Release|x86
		{407B32EF-64A2-413E-B971-29828E6799BE}.AppStore|Any CPU.ActiveCfg = Release|x86
		{407B32EF-64A2-413E-B971-29828E6799BE}.AppStore|Any CPU.Build.0 = Release|x86
		{407B32EF-64A2-413E-B971-29828E6799BE}.AppStore|Any CPU.Deploy.0 = Release|x86
		{407B32EF-64A2-413E-B971-29828E6799BE}.AppStore|ARM.ActiveCfg = Release|ARM
		{407B32EF-64A2-413E-B971-29828E6799BE}.AppStore|ARM.Build.0 = Release|ARM
		{407B32EF-64A2-413E-B971-29828E6799BE}.AppStore|ARM.Deploy.0 = Release|ARM
		{407B32EF-64A2-413E-B971-29828E6799BE}.AppStore|iPhone.ActiveCfg = Release|x86
		{407B32EF-64A2-413E-B971-29828E6799BE}.AppStore|iPhone.Build.0 = Release|x86
		{407B32EF-64A2-413E-B971-29828E6799BE}.AppStore|iPhone.Deploy.0 = Release|x86
		{407B32EF-64A2-413E-B971-29828E6799BE}.AppStore|iPhoneSimulator.ActiveCfg = Release|x86
		{407B32EF-64A2-413E-B971-29828E6799BE}.AppStore|iPhoneSimulator.Build.0 = Release|x86
		{407B32EF-64A2-413E-B971-29828E6799BE}.AppStore|iPhoneSimulator.Deploy.0 = Release|x86
		{407B32EF-64A2-413E-B971-29828E6799BE}.AppStore|x64.ActiveCfg = Release|x64
		{407B32EF-64A2-413E-B971-29828E6799BE}.AppStore|x64.Build.0 = Release|x64
		{407B32EF-64A2-413E-B971-29828E6799BE}.AppStore|x64.Deploy.0 = Release|x64
		{407B32EF-64A2-413E-B971-29828E6799BE}.AppStore|x86.ActiveCfg = Release|x86
		{407B32EF-64A2-413E-B971-29828E6799BE}.AppStore|x86.Build.0 = Release|x86
		{407B32EF-64A2-413E-B971-29828E6799BE}.AppStore|x86.Deploy.0 = Release|x86
		{407B32EF-64A2-413E-B971-29828E6799BE}.Debug|Any CPU.ActiveCfg = Debug|x86
		{407B32EF-64A2-413E-B971-29828E6799BE}.Debug|ARM.ActiveCfg = Debug|ARM
		{407B32EF-64A2-413E-B971-29828E6799BE}.Debug|ARM.Build.0 = Debug|ARM
		{407B32EF-64A2-413E-B971-29828E6799BE}.Debug|ARM.Deploy.0 = Debug|ARM
		{407B32EF-64A2-413E-B971-29828E6799BE}.Debug|iPhone.ActiveCfg = Debug|x86
		{407B32EF-64A2-413E-B971-29828E6799BE}.Debug|iPhoneSimulator.ActiveCfg = Debug|x86
		{407B32EF-64A2-413E-B971-29828E6799BE}.Debug|x64.ActiveCfg = Debug|x64
		{407B32EF-64A2-413E-B971-29828E6799BE}.Debug|x64.Build.0 = Debug|x64
		{407B32EF-64A2-413E-B971-29828E6799BE}.Debug|x64.Deploy.0 = Debug|x64
		{407B32EF-64A2-413E-B971-29828E6799BE}.Debug|x86.ActiveCfg = Debug|x86
		{407B32EF-64A2-413E-B971-29828E6799BE}.Debug|x86.Build.0 = Debug|x86
		{407B32EF-64A2-413E-B971-29828E6799BE}.Debug|x86.Deploy.0 = Debug|x86
		{407B32EF-64A2-413E-B971-29828E6799BE}.Release|Any CPU.ActiveCfg = Release|x86
		{407B32EF-64A2-413E-B971-29828E6799BE}.Release|ARM.ActiveCfg = Release|ARM
		{407B32EF-64A2-413E-B971-29828E6799BE}.Release|ARM.Build.0 = Release|ARM
		{407B32EF-64A2-413E-B971-29828E6799BE}.Release|ARM.Deploy.0 = Release|ARM
		{407B32EF-64A2-413E-B971-29828E6799BE}.Release|iPhone.ActiveCfg = Release|x86
		{407B32EF-64A2-413E-B971-29828E6799BE}.Release|iPhoneSimulator.ActiveCfg = Release|x86
		{407B32EF-64A2-413E-B971-29828E6799BE}.Release|x64.ActiveCfg = Release|x64
		{407B32EF-64A2-413E-B971-29828E6799BE}.Release|x64.Build.0 = Release|x64
		{407B32EF-64A2-413E-B971-29828E6799BE}.Release|x64.Deploy.0 = Release|x64
		{407B32EF-64A2-413E-B971-29828E6799BE}.Release|x86.ActiveCfg = Release|x86
		{407B32EF-64A2-413E-B971-29828E6799BE}.Release|x86.Build.0 = Release|x86
		{407B32EF-64A2-413E-B971-29828E6799BE}.Release|x86.Deploy.0 = Release|x86
		{9D3A19B1-91CA-4871-A80C-F23C62F00696}.Ad-Hoc|Any CPU.ActiveCfg = Debug|Any CPU
		{9D3A19B1-91CA-4871-A80C-F23C62F00696}.Ad-Hoc|Any CPU.Build.0 = Debug|Any CPU
		{9D3A19B1-91CA-4871-A80C-F23C62F00696}.Ad-Hoc|ARM.ActiveCfg = Debug|Any CPU
		{9D3A19B1-91CA-4871-A80C-F23C62F00696}.Ad-Hoc|ARM.Build.0 = Debug|Any CPU
		{9D3A19B1-91CA-4871-A80C-F23C62F00696}.Ad-Hoc|iPhone.ActiveCfg = Debug|Any CPU
		{9D3A19B1-91CA-4871-A80C-F23C62F00696}.Ad-Hoc|iPhone.Build.0 = Debug|Any CPU
		{9D3A19B1-91CA-4871-A80C-F23C62F00696}.Ad-Hoc|iPhoneSimulator.ActiveCfg = Debug|Any CPU
		{9D3A19B1-91CA-4871-A80C-F23C62F00696}.Ad-Hoc|iPhoneSimulator.Build.0 = Debug|Any CPU
		{9D3A19B1-91CA-4871-A80C-F23C62F00696}.Ad-Hoc|x64.ActiveCfg = Debug|Any CPU
		{9D3A19B1-91CA-4871-A80C-F23C62F00696}.Ad-Hoc|x64.Build.0 = Debug|Any CPU
		{9D3A19B1-91CA-4871-A80C-F23C62F00696}.Ad-Hoc|x86.ActiveCfg = Debug|Any CPU
		{9D3A19B1-91CA-4871-A80C-F23C62F00696}.Ad-Hoc|x86.Build.0 = Debug|Any CPU
		{9D3A19B1-91CA-4871-A80C-F23C62F00696}.AppStore|Any CPU.ActiveCfg = Debug|Any CPU
		{9D3A19B1-91CA-4871-A80C-F23C62F00696}.AppStore|Any CPU.Build.0 = Debug|Any CPU
		{9D3A19B1-91CA-4871-A80C-F23C62F00696}.AppStore|ARM.ActiveCfg = Debug|Any CPU
		{9D3A19B1-91CA-4871-A80C-F23C62F00696}.AppStore|ARM.Build.0 = Debug|Any CPU
		{9D3A19B1-91CA-4871-A80C-F23C62F00696}.AppStore|iPhone.ActiveCfg = Debug|Any CPU
		{9D3A19B1-91CA-4871-A80C-F23C62F00696}.AppStore|iPhone.Build.0 = Debug|Any CPU
		{9D3A19B1-91CA-4871-A80C-F23C62F00696}.AppStore|iPhoneSimulator.ActiveCfg = Debug|Any CPU
		{9D3A19B1-91CA-4871-A80C-F23C62F00696}.AppStore|iPhoneSimulator.Build.0 = Debug|Any CPU
		{9D3A19B1-91CA-4871-A80C-F23C62F00696}.AppStore|x64.ActiveCfg = Debug|Any CPU
		{9D3A19B1-91CA-4871-A80C-F23C62F00696}.AppStore|x64.Build.0 = Debug|Any CPU
		{9D3A19B1-91CA-4871-A80C-F23C62F00696}.AppStore|x86.ActiveCfg = Debug|Any CPU
		{9D3A19B1-91CA-4871-A80C-F23C62F00696}.AppStore|x86.Build.0 = Debug|Any CPU
		{9D3A19B1-91CA-4871-A80C-F23C62F00696}.Debug|Any CPU.ActiveCfg = Debug|Any CPU
		{9D3A19B1-91CA-4871-A80C-F23C62F00696}.Debug|Any CPU.Build.0 = Debug|Any CPU
		{9D3A19B1-91CA-4871-A80C-F23C62F00696}.Debug|ARM.ActiveCfg = Debug|Any CPU
		{9D3A19B1-91CA-4871-A80C-F23C62F00696}.Debug|ARM.Build.0 = Debug|Any CPU
		{9D3A19B1-91CA-4871-A80C-F23C62F00696}.Debug|iPhone.ActiveCfg = Debug|Any CPU
		{9D3A19B1-91CA-4871-A80C-F23C62F00696}.Debug|iPhone.Build.0 = Debug|Any CPU
		{9D3A19B1-91CA-4871-A80C-F23C62F00696}.Debug|iPhoneSimulator.ActiveCfg = Debug|Any CPU
		{9D3A19B1-91CA-4871-A80C-F23C62F00696}.Debug|iPhoneSimulator.Build.0 = Debug|Any CPU
		{9D3A19B1-91CA-4871-A80C-F23C62F00696}.Debug|x64.ActiveCfg = Debug|Any CPU
		{9D3A19B1-91CA-4871-A80C-F23C62F00696}.Debug|x64.Build.0 = Debug|Any CPU
		{9D3A19B1-91CA-4871-A80C-F23C62F00696}.Debug|x86.ActiveCfg = Debug|Any CPU
		{9D3A19B1-91CA-4871-A80C-F23C62F00696}.Debug|x86.Build.0 = Debug|Any CPU
		{9D3A19B1-91CA-4871-A80C-F23C62F00696}.Release|Any CPU.ActiveCfg = Release|Any CPU
		{9D3A19B1-91CA-4871-A80C-F23C62F00696}.Release|Any CPU.Build.0 = Release|Any CPU
		{9D3A19B1-91CA-4871-A80C-F23C62F00696}.Release|ARM.ActiveCfg = Release|Any CPU
		{9D3A19B1-91CA-4871-A80C-F23C62F00696}.Release|ARM.Build.0 = Release|Any CPU
		{9D3A19B1-91CA-4871-A80C-F23C62F00696}.Release|iPhone.ActiveCfg = Release|Any CPU
		{9D3A19B1-91CA-4871-A80C-F23C62F00696}.Release|iPhone.Build.0 = Release|Any CPU
		{9D3A19B1-91CA-4871-A80C-F23C62F00696}.Release|iPhoneSimulator.ActiveCfg = Release|Any CPU
		{9D3A19B1-91CA-4871-A80C-F23C62F00696}.Release|iPhoneSimulator.Build.0 = Release|Any CPU
		{9D3A19B1-91CA-4871-A80C-F23C62F00696}.Release|x64.ActiveCfg = Release|Any CPU
		{9D3A19B1-91CA-4871-A80C-F23C62F00696}.Release|x64.Build.0 = Release|Any CPU
		{9D3A19B1-91CA-4871-A80C-F23C62F00696}.Release|x86.ActiveCfg = Release|Any CPU
		{9D3A19B1-91CA-4871-A80C-F23C62F00696}.Release|x86.Build.0 = Release|Any CPU
	EndGlobalSection
	GlobalSection(SolutionProperties) = preSolution
		HideSolutionNode = FALSE
	EndGlobalSection
	GlobalSection(ExtensibilityGlobals) = postSolution
		SolutionGuid = {210E7A45-FE61-4473-A38F-700CE8C77B93}
	EndGlobalSection
EndGlobal
